
Microsoft Visual Studio Solution File, Format Version 12.00
Project("{FAE04EC0-301F-11D3-BF4B-00C04F79EFBC}") = "WebApiSite", "WebApiSite\WebApiSite.csproj", "{70EC7641-BFF8-438B-8836-98580912B286}"
EndProject
Project("{FAE04EC0-301F-11D3-BF4B-00C04F79EFBC}") = "DatabaseConnection", "DatabaseConnection\DatabaseConnection.csproj", "{F1D1166F-82F6-46A3-A6E1-0D05B850A2B1}"
EndProject
Global
	GlobalSection(SolutionConfigurationPlatforms) = preSolution
		Debug|Any CPU = Debug|Any CPU
		Release|Any CPU = Release|Any CPU
	EndGlobalSection
	GlobalSection(ProjectConfigurationPlatforms) = postSolution
		{70EC7641-BFF8-438B-8836-98580912B286}.Debug|Any CPU.ActiveCfg = Debug|Any CPU
		{70EC7641-BFF8-438B-8836-98580912B286}.Debug|Any CPU.Build.0 = Debug|Any CPU
		{70EC7641-BFF8-438B-8836-98580912B286}.Release|Any CPU.ActiveCfg = Release|Any CPU
		{70EC7641-BFF8-438B-8836-98580912B286}.Release|Any CPU.Build.0 = Release|Any CPU
		{F1D1166F-82F6-46A3-A6E1-0D05B850A2B1}.Debug|Any CPU.ActiveCfg = Debug|Any CPU
		{F1D1166F-82F6-46A3-A6E1-0D05B850A2B1}.Debug|Any CPU.Build.0 = Debug|Any CPU
		{F1D1166F-82F6-46A3-A6E1-0D05B850A2B1}.Release|Any CPU.ActiveCfg = Release|Any CPU
		{F1D1166F-82F6-46A3-A6E1-0D05B850A2B1}.Release|Any CPU.Build.0 = Release|Any CPU
	EndGlobalSection
EndGlobal
